// !$*UTF8*$!
{
	archiveVersion = 1;
	classes = {
	};
	objectVersion = 51;
	objects = {

/* Begin PBXBuildFile section */
		18042CA623EC6F9C009A0D59 /* GoogleService-Info.plist in Resources */ = {isa = PBXBuildFile; fileRef = 18042CA523EC6F9C009A0D59 /* GoogleService-Info.plist */; };
		180A20FE2409E61A006C39EF /* Event.swift in Sources */ = {isa = PBXBuildFile; fileRef = 180A20FD2409E61A006C39EF /* Event.swift */; };
		180A21002409E629006C39EF /* UserData.swift in Sources */ = {isa = PBXBuildFile; fileRef = 180A20FF2409E629006C39EF /* UserData.swift */; };
		182698F223F2661E00221114 /* AlertService.swift in Sources */ = {isa = PBXBuildFile; fileRef = 182698F123F2661E00221114 /* AlertService.swift */; };
		1865521C23E33CB80019C306 /* AppDelegate.swift in Sources */ = {isa = PBXBuildFile; fileRef = 1865521B23E33CB80019C306 /* AppDelegate.swift */; };
		1865521E23E33CB80019C306 /* SceneDelegate.swift in Sources */ = {isa = PBXBuildFile; fileRef = 1865521D23E33CB80019C306 /* SceneDelegate.swift */; };
		1865522023E33CB80019C306 /* ViewController.swift in Sources */ = {isa = PBXBuildFile; fileRef = 1865521F23E33CB80019C306 /* ViewController.swift */; };
		1865522323E33CB80019C306 /* Main.storyboard in Resources */ = {isa = PBXBuildFile; fileRef = 1865522123E33CB80019C306 /* Main.storyboard */; };
		1865522523E33CBB0019C306 /* Assets.xcassets in Resources */ = {isa = PBXBuildFile; fileRef = 1865522423E33CBB0019C306 /* Assets.xcassets */; };
		1865522823E33CBB0019C306 /* LaunchScreen.storyboard in Resources */ = {isa = PBXBuildFile; fileRef = 1865522623E33CBB0019C306 /* LaunchScreen.storyboard */; };
		1865523023E34EAE0019C306 /* EventCreationViewController.swift in Sources */ = {isa = PBXBuildFile; fileRef = 1865522F23E34EAE0019C306 /* EventCreationViewController.swift */; };
		4FCA99B40C51E5AB6ED7FF4B /* Pods_Attendee.framework in Frameworks */ = {isa = PBXBuildFile; fileRef = 6B18259FEFB7EA7EFA9A5A08 /* Pods_Attendee.framework */; };
/* End PBXBuildFile section */

/* Begin PBXFileReference section */
		18042CA523EC6F9C009A0D59 /* GoogleService-Info.plist */ = {isa = PBXFileReference; fileEncoding = 4; lastKnownFileType = text.plist.xml; path = "GoogleService-Info.plist"; sourceTree = "<group>"; };
		180A20FD2409E61A006C39EF /* Event.swift */ = {isa = PBXFileReference; lastKnownFileType = sourcecode.swift; path = Event.swift; sourceTree = "<group>"; };
		180A20FF2409E629006C39EF /* UserData.swift */ = {isa = PBXFileReference; lastKnownFileType = sourcecode.swift; path = UserData.swift; sourceTree = "<group>"; };
		182698F123F2661E00221114 /* AlertService.swift */ = {isa = PBXFileReference; fileEncoding = 4; lastKnownFileType = sourcecode.swift; path = AlertService.swift; sourceTree = "<group>"; };
		1865521823E33CB80019C306 /* Tendee.app */ = {isa = PBXFileReference; explicitFileType = wrapper.application; includeInIndex = 0; path = Tendee.app; sourceTree = BUILT_PRODUCTS_DIR; };
		1865521B23E33CB80019C306 /* AppDelegate.swift */ = {isa = PBXFileReference; lastKnownFileType = sourcecode.swift; path = AppDelegate.swift; sourceTree = "<group>"; };
		1865521D23E33CB80019C306 /* SceneDelegate.swift */ = {isa = PBXFileReference; lastKnownFileType = sourcecode.swift; path = SceneDelegate.swift; sourceTree = "<group>"; };
		1865521F23E33CB80019C306 /* ViewController.swift */ = {isa = PBXFileReference; lastKnownFileType = sourcecode.swift; path = ViewController.swift; sourceTree = "<group>"; };
		1865522223E33CB80019C306 /* Base */ = {isa = PBXFileReference; lastKnownFileType = file.storyboard; name = Base; path = Base.lproj/Main.storyboard; sourceTree = "<group>"; };
		1865522423E33CBB0019C306 /* Assets.xcassets */ = {isa = PBXFileReference; lastKnownFileType = folder.assetcatalog; path = Assets.xcassets; sourceTree = "<group>"; };
		1865522723E33CBB0019C306 /* Base */ = {isa = PBXFileReference; lastKnownFileType = file.storyboard; name = Base; path = Base.lproj/LaunchScreen.storyboard; sourceTree = "<group>"; };
		1865522923E33CBB0019C306 /* Info.plist */ = {isa = PBXFileReference; lastKnownFileType = text.plist.xml; path = Info.plist; sourceTree = "<group>"; };
		1865522F23E34EAE0019C306 /* EventCreationViewController.swift */ = {isa = PBXFileReference; lastKnownFileType = sourcecode.swift; path = EventCreationViewController.swift; sourceTree = "<group>"; };
		6B18259FEFB7EA7EFA9A5A08 /* Pods_Attendee.framework */ = {isa = PBXFileReference; explicitFileType = wrapper.framework; includeInIndex = 0; path = Pods_Attendee.framework; sourceTree = BUILT_PRODUCTS_DIR; };
		97A6FE7CD8EC56D464D77A67 /* Pods-Attendee.release.xcconfig */ = {isa = PBXFileReference; includeInIndex = 1; lastKnownFileType = text.xcconfig; name = "Pods-Attendee.release.xcconfig"; path = "Target Support Files/Pods-Attendee/Pods-Attendee.release.xcconfig"; sourceTree = "<group>"; };
		CCA99511A307AC8C9D33F31F /* Pods-Attendee.debug.xcconfig */ = {isa = PBXFileReference; includeInIndex = 1; lastKnownFileType = text.xcconfig; name = "Pods-Attendee.debug.xcconfig"; path = "Target Support Files/Pods-Attendee/Pods-Attendee.debug.xcconfig"; sourceTree = "<group>"; };
/* End PBXFileReference section */

/* Begin PBXFrameworksBuildPhase section */
		1865521523E33CB80019C306 /* Frameworks */ = {
			isa = PBXFrameworksBuildPhase;
			buildActionMask = 2147483647;
			files = (
				4FCA99B40C51E5AB6ED7FF4B /* Pods_Attendee.framework in Frameworks */,
			);
			runOnlyForDeploymentPostprocessing = 0;
		};
/* End PBXFrameworksBuildPhase section */

/* Begin PBXGroup section */
		180A20FC2409E5EC006C39EF /* Model */ = {
			isa = PBXGroup;
			children = (
				180A20FD2409E61A006C39EF /* Event.swift */,
				180A20FF2409E629006C39EF /* UserData.swift */,
			);
			path = Model;
			sourceTree = "<group>";
		};
		1865520F23E33CB80019C306 = {
			isa = PBXGroup;
			children = (
				1865521A23E33CB80019C306 /* Attendee */,
				1865521923E33CB80019C306 /* Products */,
				A99A8F8C810BF0F29D161F79 /* Pods */,
				CA7B9AD96567B5329C4D5A6E /* Frameworks */,
			);
			sourceTree = "<group>";
		};
		1865521923E33CB80019C306 /* Products */ = {
			isa = PBXGroup;
			children = (
				1865521823E33CB80019C306 /* Tendee.app */,
			);
			name = Products;
			sourceTree = "<group>";
		};
		1865521A23E33CB80019C306 /* Attendee */ = {
			isa = PBXGroup;
			children = (
				180A20FC2409E5EC006C39EF /* Model */,
				1865521B23E33CB80019C306 /* AppDelegate.swift */,
				1865521D23E33CB80019C306 /* SceneDelegate.swift */,
				1865521F23E33CB80019C306 /* ViewController.swift */,
				182698F123F2661E00221114 /* AlertService.swift */,
				1865522123E33CB80019C306 /* Main.storyboard */,
				1865522423E33CBB0019C306 /* Assets.xcassets */,
				1865522623E33CBB0019C306 /* LaunchScreen.storyboard */,
				18042CA523EC6F9C009A0D59 /* GoogleService-Info.plist */,
				1865522923E33CBB0019C306 /* Info.plist */,
				1865522F23E34EAE0019C306 /* EventCreationViewController.swift */,
			);
			path = Attendee;
			sourceTree = "<group>";
		};
		A99A8F8C810BF0F29D161F79 /* Pods */ = {
			isa = PBXGroup;
			children = (
				CCA99511A307AC8C9D33F31F /* Pods-Attendee.debug.xcconfig */,
				97A6FE7CD8EC56D464D77A67 /* Pods-Attendee.release.xcconfig */,
			);
			path = Pods;
			sourceTree = "<group>";
		};
		CA7B9AD96567B5329C4D5A6E /* Frameworks */ = {
			isa = PBXGroup;
			children = (
				6B18259FEFB7EA7EFA9A5A08 /* Pods_Attendee.framework */,
			);
			name = Frameworks;
			sourceTree = "<group>";
		};
/* End PBXGroup section */

/* Begin PBXNativeTarget section */
		1865521723E33CB80019C306 /* Attendee */ = {
			isa = PBXNativeTarget;
			buildConfigurationList = 1865522C23E33CBB0019C306 /* Build configuration list for PBXNativeTarget "Attendee" */;
			buildPhases = (
				05FB5812551805C9A4351759 /* [CP] Check Pods Manifest.lock */,
				1865521423E33CB80019C306 /* Sources */,
				1865521523E33CB80019C306 /* Frameworks */,
				1865521623E33CB80019C306 /* Resources */,
				718A69012C73D41E7D40F1F7 /* [CP] Embed Pods Frameworks */,
			);
			buildRules = (
			);
			dependencies = (
			);
			name = Attendee;
			productName = Attendee;
			productReference = 1865521823E33CB80019C306 /* Tendee.app */;
			productType = "com.apple.product-type.application";
		};
/* End PBXNativeTarget section */

/* Begin PBXProject section */
		1865521023E33CB80019C306 /* Project object */ = {
			isa = PBXProject;
			attributes = {
				LastSwiftUpdateCheck = 1100;
				LastUpgradeCheck = 1100;
				ORGANIZATIONNAME = SparkDev;
				TargetAttributes = {
					1865521723E33CB80019C306 = {
						CreatedOnToolsVersion = 11.0;
					};
				};
			};
			buildConfigurationList = 1865521323E33CB80019C306 /* Build configuration list for PBXProject "Attendee" */;
			compatibilityVersion = "Xcode 9.3";
			developmentRegion = en;
			hasScannedForEncodings = 0;
			knownRegions = (
				en,
				Base,
			);
			mainGroup = 1865520F23E33CB80019C306;
			productRefGroup = 1865521923E33CB80019C306 /* Products */;
			projectDirPath = "";
			projectRoot = "";
			targets = (
				1865521723E33CB80019C306 /* Attendee */,
			);
		};
/* End PBXProject section */

/* Begin PBXResourcesBuildPhase section */
		1865521623E33CB80019C306 /* Resources */ = {
			isa = PBXResourcesBuildPhase;
			buildActionMask = 2147483647;
			files = (
				1865522823E33CBB0019C306 /* LaunchScreen.storyboard in Resources */,
				18042CA623EC6F9C009A0D59 /* GoogleService-Info.plist in Resources */,
				1865522523E33CBB0019C306 /* Assets.xcassets in Resources */,
				1865522323E33CB80019C306 /* Main.storyboard in Resources */,
			);
			runOnlyForDeploymentPostprocessing = 0;
		};
/* End PBXResourcesBuildPhase section */

/* Begin PBXShellScriptBuildPhase section */
		05FB5812551805C9A4351759 /* [CP] Check Pods Manifest.lock */ = {
			isa = PBXShellScriptBuildPhase;
			buildActionMask = 2147483647;
			files = (
			);
			inputFileListPaths = (
			);
			inputPaths = (
				"${PODS_PODFILE_DIR_PATH}/Podfile.lock",
				"${PODS_ROOT}/Manifest.lock",
			);
			name = "[CP] Check Pods Manifest.lock";
			outputFileListPaths = (
			);
			outputPaths = (
				"$(DERIVED_FILE_DIR)/Pods-Attendee-checkManifestLockResult.txt",
			);
			runOnlyForDeploymentPostprocessing = 0;
			shellPath = /bin/sh;
			shellScript = "diff \"${PODS_PODFILE_DIR_PATH}/Podfile.lock\" \"${PODS_ROOT}/Manifest.lock\" > /dev/null\nif [ $? != 0 ] ; then\n    # print error to STDERR\n    echo \"error: The sandbox is not in sync with the Podfile.lock. Run 'pod install' or update your CocoaPods installation.\" >&2\n    exit 1\nfi\n# This output is used by Xcode 'outputs' to avoid re-running this script phase.\necho \"SUCCESS\" > \"${SCRIPT_OUTPUT_FILE_0}\"\n";
			showEnvVarsInLog = 0;
		};
		718A69012C73D41E7D40F1F7 /* [CP] Embed Pods Frameworks */ = {
			isa = PBXShellScriptBuildPhase;
			buildActionMask = 2147483647;
			files = (
			);
			inputFileListPaths = (
				"${PODS_ROOT}/Target Support Files/Pods-Attendee/Pods-Attendee-frameworks-${CONFIGURATION}-input-files.xcfilelist",
			);
			name = "[CP] Embed Pods Frameworks";
			outputFileListPaths = (
				"${PODS_ROOT}/Target Support Files/Pods-Attendee/Pods-Attendee-frameworks-${CONFIGURATION}-output-files.xcfilelist",
			);
			runOnlyForDeploymentPostprocessing = 0;
			shellPath = /bin/sh;
			shellScript = "\"${PODS_ROOT}/Target Support Files/Pods-Attendee/Pods-Attendee-frameworks.sh\"\n";
			showEnvVarsInLog = 0;
		};
/* End PBXShellScriptBuildPhase section */

/* Begin PBXSourcesBuildPhase section */
		1865521423E33CB80019C306 /* Sources */ = {
			isa = PBXSourcesBuildPhase;
			buildActionMask = 2147483647;
			files = (
				1865522023E33CB80019C306 /* ViewController.swift in Sources */,
				1865521C23E33CB80019C306 /* AppDelegate.swift in Sources */,
				180A21002409E629006C39EF /* UserData.swift in Sources */,
				1865523023E34EAE0019C306 /* EventCreationViewController.swift in Sources */,
				180A20FE2409E61A006C39EF /* Event.swift in Sources */,
				1865521E23E33CB80019C306 /* SceneDelegate.swift in Sources */,
				182698F223F2661E00221114 /* AlertService.swift in Sources */,
			);
			runOnlyForDeploymentPostprocessing = 0;
		};
/* End PBXSourcesBuildPhase section */

/* Begin PBXVariantGroup section */
		1865522123E33CB80019C306 /* Main.storyboard */ = {
			isa = PBXVariantGroup;
			children = (
				1865522223E33CB80019C306 /* Base */,
			);
			name = Main.storyboard;
			sourceTree = "<group>";
		};
		1865522623E33CBB0019C306 /* LaunchScreen.storyboard */ = {
			isa = PBXVariantGroup;
			children = (
				1865522723E33CBB0019C306 /* Base */,
			);
			name = LaunchScreen.storyboard;
			sourceTree = "<group>";
		};
/* End PBXVariantGroup section */

/* Begin XCBuildConfiguration section */
		1865522A23E33CBB0019C306 /* Debug */ = {
			isa = XCBuildConfiguration;
			buildSettings = {
				ALWAYS_SEARCH_USER_PATHS = NO;
				CLANG_ANALYZER_NONNULL = YES;
				CLANG_ANALYZER_NUMBER_OBJECT_CONVERSION = YES_AGGRESSIVE;
				CLANG_CXX_LANGUAGE_STANDARD = "gnu++14";
				CLANG_CXX_LIBRARY = "libc++";
				CLANG_ENABLE_MODULES = YES;
				CLANG_ENABLE_OBJC_ARC = YES;
				CLANG_ENABLE_OBJC_WEAK = YES;
				CLANG_WARN_BLOCK_CAPTURE_AUTORELEASING = YES;
				CLANG_WARN_BOOL_CONVERSION = YES;
				CLANG_WARN_COMMA = YES;
				CLANG_WARN_CONSTANT_CONVERSION = YES;
				CLANG_WARN_DEPRECATED_OBJC_IMPLEMENTATIONS = YES;
				CLANG_WARN_DIRECT_OBJC_ISA_USAGE = YES_ERROR;
				CLANG_WARN_DOCUMENTATION_COMMENTS = YES;
				CLANG_WARN_EMPTY_BODY = YES;
				CLANG_WARN_ENUM_CONVERSION = YES;
				CLANG_WARN_INFINITE_RECURSION = YES;
				CLANG_WARN_INT_CONVERSION = YES;
				CLANG_WARN_NON_LITERAL_NULL_CONVERSION = YES;
				CLANG_WARN_OBJC_IMPLICIT_RETAIN_SELF = YES;
				CLANG_WARN_OBJC_LITERAL_CONVERSION = YES;
				CLANG_WARN_OBJC_ROOT_CLASS = YES_ERROR;
				CLANG_WARN_RANGE_LOOP_ANALYSIS = YES;
				CLANG_WARN_STRICT_PROTOTYPES = YES;
				CLANG_WARN_SUSPICIOUS_MOVE = YES;
				CLANG_WARN_UNGUARDED_AVAILABILITY = YES_AGGRESSIVE;
				CLANG_WARN_UNREACHABLE_CODE = YES;
				CLANG_WARN__DUPLICATE_METHOD_MATCH = YES;
				COPY_PHASE_STRIP = NO;
				DEBUG_INFORMATION_FORMAT = dwarf;
				ENABLE_STRICT_OBJC_MSGSEND = YES;
				ENABLE_TESTABILITY = YES;
				GCC_C_LANGUAGE_STANDARD = gnu11;
				GCC_DYNAMIC_NO_PIC = NO;
				GCC_NO_COMMON_BLOCKS = YES;
				GCC_OPTIMIZATION_LEVEL = 0;
				GCC_PREPROCESSOR_DEFINITIONS = (
					"DEBUG=1",
					"$(inherited)",
				);
				GCC_WARN_64_TO_32_BIT_CONVERSION = YES;
				GCC_WARN_ABOUT_RETURN_TYPE = YES_ERROR;
				GCC_WARN_UNDECLARED_SELECTOR = YES;
				GCC_WARN_UNINITIALIZED_AUTOS = YES_AGGRESSIVE;
				GCC_WARN_UNUSED_FUNCTION = YES;
				GCC_WARN_UNUSED_VARIABLE = YES;
				IPHONEOS_DEPLOYMENT_TARGET = 13.0;
				MTL_ENABLE_DEBUG_INFO = INCLUDE_SOURCE;
				MTL_FAST_MATH = YES;
				ONLY_ACTIVE_ARCH = YES;
				SDKROOT = iphoneos;
				SWIFT_ACTIVE_COMPILATION_CONDITIONS = DEBUG;
				SWIFT_OPTIMIZATION_LEVEL = "-Onone";
			};
			name = Debug;
		};
		1865522B23E33CBB0019C306 /* Release */ = {
			isa = XCBuildConfiguration;
			buildSettings = {
				ALWAYS_SEARCH_USER_PATHS = NO;
				CLANG_ANALYZER_NONNULL = YES;
				CLANG_ANALYZER_NUMBER_OBJECT_CONVERSION = YES_AGGRESSIVE;
				CLANG_CXX_LANGUAGE_STANDARD = "gnu++14";
				CLANG_CXX_LIBRARY = "libc++";
				CLANG_ENABLE_MODULES = YES;
				CLANG_ENABLE_OBJC_ARC = YES;
				CLANG_ENABLE_OBJC_WEAK = YES;
				CLANG_WARN_BLOCK_CAPTURE_AUTORELEASING = YES;
				CLANG_WARN_BOOL_CONVERSION = YES;
				CLANG_WARN_COMMA = YES;
				CLANG_WARN_CONSTANT_CONVERSION = YES;
				CLANG_WARN_DEPRECATED_OBJC_IMPLEMENTATIONS = YES;
				CLANG_WARN_DIRECT_OBJC_ISA_USAGE = YES_ERROR;
				CLANG_WARN_DOCUMENTATION_COMMENTS = YES;
				CLANG_WARN_EMPTY_BODY = YES;
				CLANG_WARN_ENUM_CONVERSION = YES;
				CLANG_WARN_INFINITE_RECURSION = YES;
				CLANG_WARN_INT_CONVERSION = YES;
				CLANG_WARN_NON_LITERAL_NULL_CONVERSION = YES;
				CLANG_WARN_OBJC_IMPLICIT_RETAIN_SELF = YES;
				CLANG_WARN_OBJC_LITERAL_CONVERSION = YES;
				CLANG_WARN_OBJC_ROOT_CLASS = YES_ERROR;
				CLANG_WARN_RANGE_LOOP_ANALYSIS = YES;
				CLANG_WARN_STRICT_PROTOTYPES = YES;
				CLANG_WARN_SUSPICIOUS_MOVE = YES;
				CLANG_WARN_UNGUARDED_AVAILABILITY = YES_AGGRESSIVE;
				CLANG_WARN_UNREACHABLE_CODE = YES;
				CLANG_WARN__DUPLICATE_METHOD_MATCH = YES;
				COPY_PHASE_STRIP = NO;
				DEBUG_INFORMATION_FORMAT = "dwarf-with-dsym";
				ENABLE_NS_ASSERTIONS = NO;
				ENABLE_STRICT_OBJC_MSGSEND = YES;
				GCC_C_LANGUAGE_STANDARD = gnu11;
				GCC_NO_COMMON_BLOCKS = YES;
				GCC_WARN_64_TO_32_BIT_CONVERSION = YES;
				GCC_WARN_ABOUT_RETURN_TYPE = YES_ERROR;
				GCC_WARN_UNDECLARED_SELECTOR = YES;
				GCC_WARN_UNINITIALIZED_AUTOS = YES_AGGRESSIVE;
				GCC_WARN_UNUSED_FUNCTION = YES;
				GCC_WARN_UNUSED_VARIABLE = YES;
				IPHONEOS_DEPLOYMENT_TARGET = 13.0;
				MTL_ENABLE_DEBUG_INFO = NO;
				MTL_FAST_MATH = YES;
				SDKROOT = iphoneos;
				SWIFT_COMPILATION_MODE = wholemodule;
				SWIFT_OPTIMIZATION_LEVEL = "-O";
				VALIDATE_PRODUCT = YES;
			};
			name = Release;
		};
		1865522D23E33CBB0019C306 /* Debug */ = {
			isa = XCBuildConfiguration;
			baseConfigurationReference = CCA99511A307AC8C9D33F31F /* Pods-Attendee.debug.xcconfig */;
			buildSettings = {
				ASSETCATALOG_COMPILER_APPICON_NAME = AppIcon;
				CODE_SIGN_IDENTITY = "Apple Development";
				CODE_SIGN_STYLE = Manual;
				DEVELOPMENT_TEAM = "";
				INFOPLIST_FILE = Attendee/Info.plist;
				LD_RUNPATH_SEARCH_PATHS = (
					"$(inherited)",
					"@executable_path/Frameworks",
				);
				PRODUCT_BUNDLE_IDENTIFIER = com.SparkDev.Tendee;
				PRODUCT_NAME = Tendee;
				PROVISIONING_PROFILE_SPECIFIER = "";
				SWIFT_VERSION = 5.0;
				TARGETED_DEVICE_FAMILY = "1,2";
			};
			name = Debug;
		};
		1865522E23E33CBB0019C306 /* Release */ = {
			isa = XCBuildConfiguration;
			baseConfigurationReference = 97A6FE7CD8EC56D464D77A67 /* Pods-Attendee.release.xcconfig */;
			buildSettings = {
				ASSETCATALOG_COMPILER_APPICON_NAME = AppIcon;
				CODE_SIGN_IDENTITY = "Apple Development";
				CODE_SIGN_STYLE = Manual;
				DEVELOPMENT_TEAM = "";
				INFOPLIST_FILE = Attendee/Info.plist;
				LD_RUNPATH_SEARCH_PATHS = (
					"$(inherited)",
					"@executable_path/Frameworks",
				);
				PRODUCT_BUNDLE_IDENTIFIER = com.SparkDev.Tendee;
				PRODUCT_NAME = Tendee;
				PROVISIONING_PROFILE_SPECIFIER = "";
				SWIFT_VERSION = 5.0;
				TARGETED_DEVICE_FAMILY = "1,2";
			};
			name = Release;
		};
/* End XCBuildConfiguration section */

/* Begin XCConfigurationList section */
		1865521323E33CB80019C306 /* Build configuration list for PBXProject "Attendee" */ = {
			isa = XCConfigurationList;
			buildConfigurations = (
				1865522A23E33CBB0019C306 /* Debug */,
				1865522B23E33CBB0019C306 /* Release */,
			);
			defaultConfigurationIsVisible = 0;
			defaultConfigurationName = Release;
		};
		1865522C23E33CBB0019C306 /* Build configuration list for PBXNativeTarget "Attendee" */ = {
			isa = XCConfigurationList;
			buildConfigurations = (
				1865522D23E33CBB0019C306 /* Debug */,
				1865522E23E33CBB0019C306 /* Release */,
			);
			defaultConfigurationIsVisible = 0;
			defaultConfigurationName = Release;
		};
/* End XCConfigurationList section */
	};
	rootObject = 1865521023E33CB80019C306 /* Project object */;
}
